
Microsoft Visual Studio Solution File, Format Version 12.00
# Visual Studio 14
VisualStudioVersion = 14.0.25420.1
MinimumVisualStudioVersion = 10.0.40219.1
Project("{FAE04EC0-301F-11D3-BF4B-00C04F79EFBC}") = "AnalisisNumerico", "ClassLibrary2\AnalisisNumerico.csproj", "{33E31105-244E-4533-A901-F2360542EDCE}"
EndProject
Project("{FAE04EC0-301F-11D3-BF4B-00C04F79EFBC}") = "Formulario", "WindowsFormsApplication1\Formulario.csproj", "{D757A2E7-AF52-4515-B016-2D4213601421}"
EndProject
Project("{FAE04EC0-301F-11D3-BF4B-00C04F79EFBC}") = "WpfApp1", "WpfApp1\WpfApp1.csproj", "{5539A746-ED79-483F-BA13-5C0DE998CF32}"
EndProject
Project("{FAE04EC0-301F-11D3-BF4B-00C04F79EFBC}") = "AnalisisNumerico.test", "UnitTestProject1\AnalisisNumerico.test.csproj", "{2A25402E-814A-4230-A64C-34E56B8B77F3}"
EndProject
Global
	GlobalSection(SolutionConfigurationPlatforms) = preSolution
		Debug|Any CPU = Debug|Any CPU
		Release|Any CPU = Release|Any CPU
	EndGlobalSection
	GlobalSection(ProjectConfigurationPlatforms) = postSolution
		{33E31105-244E-4533-A901-F2360542EDCE}.Debug|Any CPU.ActiveCfg = Debug|Any CPU
		{33E31105-244E-4533-A901-F2360542EDCE}.Debug|Any CPU.Build.0 = Debug|Any CPU
		{33E31105-244E-4533-A901-F2360542EDCE}.Release|Any CPU.ActiveCfg = Release|Any CPU
		{33E31105-244E-4533-A901-F2360542EDCE}.Release|Any CPU.Build.0 = Release|Any CPU
		{D757A2E7-AF52-4515-B016-2D4213601421}.Debug|Any CPU.ActiveCfg = Debug|Any CPU
		{D757A2E7-AF52-4515-B016-2D4213601421}.Debug|Any CPU.Build.0 = Debug|Any CPU
		{D757A2E7-AF52-4515-B016-2D4213601421}.Release|Any CPU.ActiveCfg = Release|Any CPU
		{D757A2E7-AF52-4515-B016-2D4213601421}.Release|Any CPU.Build.0 = Release|Any CPU
		{5539A746-ED79-483F-BA13-5C0DE998CF32}.Debug|Any CPU.ActiveCfg = Debug|Any CPU
		{5539A746-ED79-483F-BA13-5C0DE998CF32}.Debug|Any CPU.Build.0 = Debug|Any CPU
		{5539A746-ED79-483F-BA13-5C0DE998CF32}.Release|Any CPU.ActiveCfg = Release|Any CPU
		{5539A746-ED79-483F-BA13-5C0DE998CF32}.Release|Any CPU.Build.0 = Release|Any CPU
		{2A25402E-814A-4230-A64C-34E56B8B77F3}.Debug|Any CPU.ActiveCfg = Debug|Any CPU
		{2A25402E-814A-4230-A64C-34E56B8B77F3}.Debug|Any CPU.Build.0 = Debug|Any CPU
		{2A25402E-814A-4230-A64C-34E56B8B77F3}.Release|Any CPU.ActiveCfg = Release|Any CPU
		{2A25402E-814A-4230-A64C-34E56B8B77F3}.Release|Any CPU.Build.0 = Release|Any CPU
	EndGlobalSection
	GlobalSection(SolutionProperties) = preSolution
		HideSolutionNode = FALSE
	EndGlobalSection
EndGlobal
